{
    "_readme": [
        "This file locks the dependencies of your project to a known state",
        "Read more about it at https://getcomposer.org/doc/01-basic-usage.md#installing-dependencies",
        "This file is @generated automatically"
    ],
    "content-hash": "a67328ac893a5abee443f10c169cba77",
    "packages": [
        {
            "name": "jsmitty12/phpwhois",
            "version": "v5.4.0",
            "source": {
                "type": "git",
                "url": "https://github.com/jsmitty12/phpWhois.git",
                "reference": "bdd0dd64f97a28dae9011ac79841f25ef44fed9e"
            },
            "dist": {
                "type": "zip",
                "url": "https://api.github.com/repos/jsmitty12/phpWhois/zipball/bdd0dd64f97a28dae9011ac79841f25ef44fed9e",
                "reference": "bdd0dd64f97a28dae9011ac79841f25ef44fed9e",
                "shasum": ""
            },
            "require": {
                "mso/idna-convert": "^1.1",
                "php": "^7.0,<7.3 || 7.3.0-dev"
            },
            "replace": {
                "phpwhois/phpwhois": "4.2.*"
            },
            "require-dev": {
                "phpunit/phpunit": "^6.0 || ^7.0",
                "roave/security-advisories": "dev-master"
            },
            "suggest": {
                "lib-openssl": "*"
            },
            "type": "library",
            "autoload": {
                "psr-4": {
                    "phpWhois\\": "src/"
                }
            },
            "notification-url": "https://packagist.org/downloads/",
            "license": [
                "GPL-2.0-or-later"
            ],
            "authors": [
                {
                    "name": "Mark Jeftovic",
                    "email": "markjr@easydns.com"
                },
                {
                    "name": "David Saez Padros",
                    "email": "david@ols.es"
                },
                {
                    "name": "Ross Golder",
                    "email": "ross@golder.org"
                },
                {
                    "name": "Dmitry Lukashin",
                    "email": "dmitry@lukashin.ru"
                },
                {
                    "name": "Joshua Smith",
                    "email": "jsmith@jssm.com"
                }
            ],
            "description": "phpWhois - library for querying whois services and parsing results.",
            "homepage": "http://phpwhois.pw",
            "keywords": [
                "php",
                "phpwhois",
                "whois"
            ],
            "time": "2018-08-15T02:24:01+00:00"
        },
        {
            "name": "mso/idna-convert",
            "version": "v1.1.0",
            "source": {
                "type": "git",
                "url": "https://github.com/phlylabs/idna-convert.git",
                "reference": "a6dfb6f87611e3a89d2eec4924a0f51db755c573"
            },
            "dist": {
                "type": "zip",
                "url": "https://api.github.com/repos/phlylabs/idna-convert/zipball/a6dfb6f87611e3a89d2eec4924a0f51db755c573",
                "reference": "a6dfb6f87611e3a89d2eec4924a0f51db755c573",
                "shasum": ""
            },
            "require": {
                "ext-pcre": "*",
                "php": ">=5.6.0"
            },
            "type": "library",
            "extra": {
                "branch-alias": {
                    "dev-master": "1.0.x-dev"
                }
            },
            "autoload": {
                "psr-4": {
                    "Mso\\IdnaConvert\\": "src"
                }
            },
            "notification-url": "https://packagist.org/downloads/",
            "license": [
                "LGPL-2.1+"
            ],
            "authors": [
                {
                    "name": "Matthias Sommerfeld",
                    "email": "mso@phlylabs.de",
                    "role": "Developer"
                }
            ],
            "description": "A library for encoding and decoding internationalized domain names",
            "homepage": "http://idnaconv.net/",
            "keywords": [
                "idn",
                "idna",
                "php"
            ],
            "time": "2016-06-19T18:08:43+00:00"
        }
    ],
    "packages-dev": [],
    "aliases": [],
    "minimum-stability": "stable",
    "stability-flags": [],
    "prefer-stable": false,
    "prefer-lowest": false,
    "platform": [],
    "platform-dev": []
}
